{
  "object": {
    "pins": [
      {
        "package": "Prch",
        "repositoryURL": "https://github.com/brightdigit/Prch.git",
        "state": {
          "branch": null,
          "revision": "74513ceb865358b457a656290ded54ed67de1702",
          "version": "0.2.0"
        }
      }
    ]
  },
  "version": 1
}
